// !$*UTF8*$!
{
	archiveVersion = 1;
	classes = {
	};
	objectVersion = 50;
	objects = {

/* Begin PBXBuildFile section */
		FEABDE9925357DC600FF3A3C /* AppDelegate.swift in Sources */ = {isa = PBXBuildFile; fileRef = FEABDE9825357DC600FF3A3C /* AppDelegate.swift */; };
		FEABDE9B25357DC600FF3A3C /* SceneDelegate.swift in Sources */ = {isa = PBXBuildFile; fileRef = FEABDE9A25357DC600FF3A3C /* SceneDelegate.swift */; };
		FEABDE9D25357DC600FF3A3C /* ViewController.swift in Sources */ = {isa = PBXBuildFile; fileRef = FEABDE9C25357DC600FF3A3C /* ViewController.swift */; };
		FEABDEA025357DC600FF3A3C /* Main.storyboard in Resources */ = {isa = PBXBuildFile; fileRef = FEABDE9E25357DC600FF3A3C /* Main.storyboard */; };
		FEABDEA225357DD700FF3A3C /* Assets.xcassets in Resources */ = {isa = PBXBuildFile; fileRef = FEABDEA125357DD700FF3A3C /* Assets.xcassets */; };
		FEABDEA525357DD700FF3A3C /* LaunchScreen.storyboard in Resources */ = {isa = PBXBuildFile; fileRef = FEABDEA325357DD700FF3A3C /* LaunchScreen.storyboard */; };
/* End PBXBuildFile section */

/* Begin PBXFileReference section */
		FEABDE9525357DC600FF3A3C /* QRcodeIOS.app */ = {isa = PBXFileReference; explicitFileType = wrapper.application; includeInIndex = 0; path = QRcodeIOS.app; sourceTree = BUILT_PRODUCTS_DIR; };
		FEABDE9825357DC600FF3A3C /* AppDelegate.swift */ = {isa = PBXFileReference; lastKnownFileType = sourcecode.swift; path = AppDelegate.swift; sourceTree = "<group>"; };
		FEABDE9A25357DC600FF3A3C /* SceneDelegate.swift */ = {isa = PBXFileReference; lastKnownFileType = sourcecode.swift; path = SceneDelegate.swift; sourceTree = "<group>"; };
		FEABDE9C25357DC600FF3A3C /* ViewController.swift */ = {isa = PBXFileReference; lastKnownFileType = sourcecode.swift; path = ViewController.swift; sourceTree = "<group>"; };
		FEABDE9F25357DC600FF3A3C /* Base */ = {isa = PBXFileReference; lastKnownFileType = file.storyboard; name = Base; path = Base.lproj/Main.storyboard; sourceTree = "<group>"; };
		FEABDEA125357DD700FF3A3C /* Assets.xcassets */ = {isa = PBXFileReference; lastKnownFileType = folder.assetcatalog; path = Assets.xcassets; sourceTree = "<group>"; };
		FEABDEA425357DD700FF3A3C /* Base */ = {isa = PBXFileReference; lastKnownFileType = file.storyboard; name = Base; path = Base.lproj/LaunchScreen.storyboard; sourceTree = "<group>"; };
		FEABDEA625357DD700FF3A3C /* Info.plist */ = {isa = PBXFileReference; lastKnownFileType = text.plist.xml; path = Info.plist; sourceTree = "<group>"; };
/* End PBXFileReference section */

/* Begin PBXFrameworksBuildPhase section */
		FEABDE9225357DC600FF3A3C /* Frameworks */ = {
			isa = PBXFrameworksBuildPhase;
			buildActionMask = 2147483647;
			files = (
			);
			runOnlyForDeploymentPostprocessing = 0;
		};
/* End PBXFrameworksBuildPhase section */

/* Begin PBXGroup section */
		FEABDE8C25357DC600FF3A3C = {
			isa = PBXGroup;
			children = (
				FEABDE9725357DC600FF3A3C /* QRcodeIOS */,
				FEABDE9625357DC600FF3A3C /* Products */,
			);
			sourceTree = "<group>";
		};
		FEABDE9625357DC600FF3A3C /* Products */ = {
			isa = PBXGroup;
			children = (
				FEABDE9525357DC600FF3A3C /* QRcodeIOS.app */,
			);
			name = Products;
			sourceTree = "<group>";
		};
		FEABDE9725357DC600FF3A3C /* QRcodeIOS */ = {
			isa = PBXGroup;
			children = (
				FEABDE9825357DC600FF3A3C /* AppDelegate.swift */,
				FEABDE9A25357DC600FF3A3C /* SceneDelegate.swift */,
				FEABDE9C25357DC600FF3A3C /* ViewController.swift */,
				FEABDE9E25357DC600FF3A3C /* Main.storyboard */,
				FEABDEA125357DD700FF3A3C /* Assets.xcassets */,
				FEABDEA325357DD700FF3A3C /* LaunchScreen.storyboard */,
				FEABDEA625357DD700FF3A3C /* Info.plist */,
			);
			path = QRcodeIOS;
			sourceTree = "<group>";
		};
/* End PBXGroup section */

/* Begin PBXNativeTarget section */
		FEABDE9425357DC600FF3A3C /* QRcodeIOS */ = {
			isa = PBXNativeTarget;
			buildConfigurationList = FEABDEA925357DD700FF3A3C /* Build configuration list for PBXNativeTarget "QRcodeIOS" */;
			buildPhases = (
				FEABDE9125357DC600FF3A3C /* Sources */,
				FEABDE9225357DC600FF3A3C /* Frameworks */,
				FEABDE9325357DC600FF3A3C /* Resources */,
			);
			buildRules = (
			);
			dependencies = (
			);
			name = QRcodeIOS;
			productName = QRcodeIOS;
			productReference = FEABDE9525357DC600FF3A3C /* QRcodeIOS.app */;
			productType = "com.apple.product-type.application";
		};
/* End PBXNativeTarget section */

/* Begin PBXProject section */
		FEABDE8D25357DC600FF3A3C /* Project object */ = {
			isa = PBXProject;
			attributes = {
				LastSwiftUpdateCheck = 1170;
				LastUpgradeCheck = 1170;
				ORGANIZATIONNAME = Cooli;
				TargetAttributes = {
					FEABDE9425357DC600FF3A3C = {
						CreatedOnToolsVersion = 11.7;
					};
				};
			};
			buildConfigurationList = FEABDE9025357DC600FF3A3C /* Build configuration list for PBXProject "QRcodeIOS" */;
			compatibilityVersion = "Xcode 9.3";
			developmentRegion = en;
			hasScannedForEncodings = 0;
			knownRegions = (
				en,
				Base,
			);
			mainGroup = FEABDE8C25357DC600FF3A3C;
			productRefGroup = FEABDE9625357DC600FF3A3C /* Products */;
			projectDirPath = "";
			projectRoot = "";
			targets = (
				FEABDE9425357DC600FF3A3C /* QRcodeIOS */,
			);
		};
/* End PBXProject section */

/* Begin PBXResourcesBuildPhase section */
		FEABDE9325357DC600FF3A3C /* Resources */ = {
			isa = PBXResourcesBuildPhase;
			buildActionMask = 2147483647;
			files = (
				FEABDEA525357DD700FF3A3C /* LaunchScreen.storyboard in Resources */,
				FEABDEA225357DD700FF3A3C /* Assets.xcassets in Resources */,
				FEABDEA025357DC600FF3A3C /* Main.storyboard in Resources */,
			);
			runOnlyForDeploymentPostprocessing = 0;
		};
/* End PBXResourcesBuildPhase section */

/* Begin PBXSourcesBuildPhase section */
		FEABDE9125357DC600FF3A3C /* Sources */ = {
			isa = PBXSourcesBuildPhase;
			buildActionMask = 2147483647;
			files = (
				FEABDE9D25357DC600FF3A3C /* ViewController.swift in Sources */,
				FEABDE9925357DC600FF3A3C /* AppDelegate.swift in Sources */,
				FEABDE9B25357DC600FF3A3C /* SceneDelegate.swift in Sources */,
			);
			runOnlyForDeploymentPostprocessing = 0;
		};
/* End PBXSourcesBuildPhase section */

/* Begin PBXVariantGroup section */
		FEABDE9E25357DC600FF3A3C /* Main.storyboard */ = {
			isa = PBXVariantGroup;
			children = (
				FEABDE9F25357DC600FF3A3C /* Base */,
			);
			name = Main.storyboard;
			sourceTree = "<group>";
		};
		FEABDEA325357DD700FF3A3C /* LaunchScreen.storyboard */ = {
			isa = PBXVariantGroup;
			children = (
				FEABDEA425357DD700FF3A3C /* Base */,
			);
			name = LaunchScreen.storyboard;
			sourceTree = "<group>";
		};
/* End PBXVariantGroup section */

/* Begin XCBuildConfiguration section */
		FEABDEA725357DD700FF3A3C /* Debug */ = {
			isa = XCBuildConfiguration;
			buildSettings = {
				ALWAYS_SEARCH_USER_PATHS = NO;
				CLANG_ANALYZER_NONNULL = YES;
				CLANG_ANALYZER_NUMBER_OBJECT_CONVERSION = YES_AGGRESSIVE;
				CLANG_CXX_LANGUAGE_STANDARD = "gnu++14";
				CLANG_CXX_LIBRARY = "libc++";
				CLANG_ENABLE_MODULES = YES;
				CLANG_ENABLE_OBJC_ARC = YES;
				CLANG_ENABLE_OBJC_WEAK = YES;
				CLANG_WARN_BLOCK_CAPTURE_AUTORELEASING = YES;
				CLANG_WARN_BOOL_CONVERSION = YES;
				CLANG_WARN_COMMA = YES;
				CLANG_WARN_CONSTANT_CONVERSION = YES;
				CLANG_WARN_DEPRECATED_OBJC_IMPLEMENTATIONS = YES;
				CLANG_WARN_DIRECT_OBJC_ISA_USAGE = YES_ERROR;
				CLANG_WARN_DOCUMENTATION_COMMENTS = YES;
				CLANG_WARN_EMPTY_BODY = YES;
				CLANG_WARN_ENUM_CONVERSION = YES;
				CLANG_WARN_INFINITE_RECURSION = YES;
				CLANG_WARN_INT_CONVERSION = YES;
				CLANG_WARN_NON_LITERAL_NULL_CONVERSION = YES;
				CLANG_WARN_OBJC_IMPLICIT_RETAIN_SELF = YES;
				CLANG_WARN_OBJC_LITERAL_CONVERSION = YES;
				CLANG_WARN_OBJC_ROOT_CLASS = YES_ERROR;
				CLANG_WARN_RANGE_LOOP_ANALYSIS = YES;
				CLANG_WARN_STRICT_PROTOTYPES = YES;
				CLANG_WARN_SUSPICIOUS_MOVE = YES;
				CLANG_WARN_UNGUARDED_AVAILABILITY = YES_AGGRESSIVE;
				CLANG_WARN_UNREACHABLE_CODE = YES;
				CLANG_WARN__DUPLICATE_METHOD_MATCH = YES;
				COPY_PHASE_STRIP = NO;
				DEBUG_INFORMATION_FORMAT = dwarf;
				ENABLE_STRICT_OBJC_MSGSEND = YES;
				ENABLE_TESTABILITY = YES;
				GCC_C_LANGUAGE_STANDARD = gnu11;
				GCC_DYNAMIC_NO_PIC = NO;
				GCC_NO_COMMON_BLOCKS = YES;
				GCC_OPTIMIZATION_LEVEL = 0;
				GCC_PREPROCESSOR_DEFINITIONS = (
					"DEBUG=1",
					"$(inherited)",
				);
				GCC_WARN_64_TO_32_BIT_CONVERSION = YES;
				GCC_WARN_ABOUT_RETURN_TYPE = YES_ERROR;
				GCC_WARN_UNDECLARED_SELECTOR = YES;
				GCC_WARN_UNINITIALIZED_AUTOS = YES_AGGRESSIVE;
				GCC_WARN_UNUSED_FUNCTION = YES;
				GCC_WARN_UNUSED_VARIABLE = YES;
				IPHONEOS_DEPLOYMENT_TARGET = 13.7;
				MTL_ENABLE_DEBUG_INFO = INCLUDE_SOURCE;
				MTL_FAST_MATH = YES;
				ONLY_ACTIVE_ARCH = YES;
				SDKROOT = iphoneos;
				SWIFT_ACTIVE_COMPILATION_CONDITIONS = DEBUG;
				SWIFT_OPTIMIZATION_LEVEL = "-Onone";
			};
			name = Debug;
		};
		FEABDEA825357DD700FF3A3C /* Release */ = {
			isa = XCBuildConfiguration;
			buildSettings = {
				ALWAYS_SEARCH_USER_PATHS = NO;
				CLANG_ANALYZER_NONNULL = YES;
				CLANG_ANALYZER_NUMBER_OBJECT_CONVERSION = YES_AGGRESSIVE;
				CLANG_CXX_LANGUAGE_STANDARD = "gnu++14";
				CLANG_CXX_LIBRARY = "libc++";
				CLANG_ENABLE_MODULES = YES;
				CLANG_ENABLE_OBJC_ARC = YES;
				CLANG_ENABLE_OBJC_WEAK = YES;
				CLANG_WARN_BLOCK_CAPTURE_AUTORELEASING = YES;
				CLANG_WARN_BOOL_CONVERSION = YES;
				CLANG_WARN_COMMA = YES;
				CLANG_WARN_CONSTANT_CONVERSION = YES;
				CLANG_WARN_DEPRECATED_OBJC_IMPLEMENTATIONS = YES;
				CLANG_WARN_DIRECT_OBJC_ISA_USAGE = YES_ERROR;
				CLANG_WARN_DOCUMENTATION_COMMENTS = YES;
				CLANG_WARN_EMPTY_BODY = YES;
				CLANG_WARN_ENUM_CONVERSION = YES;
				CLANG_WARN_INFINITE_RECURSION = YES;
				CLANG_WARN_INT_CONVERSION = YES;
				CLANG_WARN_NON_LITERAL_NULL_CONVERSION = YES;
				CLANG_WARN_OBJC_IMPLICIT_RETAIN_SELF = YES;
				CLANG_WARN_OBJC_LITERAL_CONVERSION = YES;
				CLANG_WARN_OBJC_ROOT_CLASS = YES_ERROR;
				CLANG_WARN_RANGE_LOOP_ANALYSIS = YES;
				CLANG_WARN_STRICT_PROTOTYPES = YES;
				CLANG_WARN_SUSPICIOUS_MOVE = YES;
				CLANG_WARN_UNGUARDED_AVAILABILITY = YES_AGGRESSIVE;
				CLANG_WARN_UNREACHABLE_CODE = YES;
				CLANG_WARN__DUPLICATE_METHOD_MATCH = YES;
				COPY_PHASE_STRIP = NO;
				DEBUG_INFORMATION_FORMAT = "dwarf-with-dsym";
				ENABLE_NS_ASSERTIONS = NO;
				ENABLE_STRICT_OBJC_MSGSEND = YES;
				GCC_C_LANGUAGE_STANDARD = gnu11;
				GCC_NO_COMMON_BLOCKS = YES;
				GCC_WARN_64_TO_32_BIT_CONVERSION = YES;
				GCC_WARN_ABOUT_RETURN_TYPE = YES_ERROR;
				GCC_WARN_UNDECLARED_SELECTOR = YES;
				GCC_WARN_UNINITIALIZED_AUTOS = YES_AGGRESSIVE;
				GCC_WARN_UNUSED_FUNCTION = YES;
				GCC_WARN_UNUSED_VARIABLE = YES;
				IPHONEOS_DEPLOYMENT_TARGET = 13.7;
				MTL_ENABLE_DEBUG_INFO = NO;
				MTL_FAST_MATH = YES;
				SDKROOT = iphoneos;
				SWIFT_COMPILATION_MODE = wholemodule;
				SWIFT_OPTIMIZATION_LEVEL = "-O";
				VALIDATE_PRODUCT = YES;
			};
			name = Release;
		};
		FEABDEAA25357DD700FF3A3C /* Debug */ = {
			isa = XCBuildConfiguration;
			buildSettings = {
				ASSETCATALOG_COMPILER_APPICON_NAME = AppIcon;
				CODE_SIGN_STYLE = Automatic;
				DEVELOPMENT_TEAM = 3R8TSZRTDJ;
				INFOPLIST_FILE = QRcodeIOS/Info.plist;
				LD_RUNPATH_SEARCH_PATHS = (
					"$(inherited)",
					"@executable_path/Frameworks",
				);
				PRODUCT_BUNDLE_IDENTIFIER = com.ios.QRcodeIOS;
				PRODUCT_NAME = "$(TARGET_NAME)";
				SWIFT_VERSION = 5.0;
				TARGETED_DEVICE_FAMILY = "1,2";
			};
			name = Debug;
		};
		FEABDEAB25357DD700FF3A3C /* Release */ = {
			isa = XCBuildConfiguration;
			buildSettings = {
				ASSETCATALOG_COMPILER_APPICON_NAME = AppIcon;
				CODE_SIGN_STYLE = Automatic;
				DEVELOPMENT_TEAM = 3R8TSZRTDJ;
				INFOPLIST_FILE = QRcodeIOS/Info.plist;
				LD_RUNPATH_SEARCH_PATHS = (
					"$(inherited)",
					"@executable_path/Frameworks",
				);
				PRODUCT_BUNDLE_IDENTIFIER = com.ios.QRcodeIOS;
				PRODUCT_NAME = "$(TARGET_NAME)";
				SWIFT_VERSION = 5.0;
				TARGETED_DEVICE_FAMILY = "1,2";
			};
			name = Release;
		};
/* End XCBuildConfiguration section */

/* Begin XCConfigurationList section */
		FEABDE9025357DC600FF3A3C /* Build configuration list for PBXProject "QRcodeIOS" */ = {
			isa = XCConfigurationList;
			buildConfigurations = (
				FEABDEA725357DD700FF3A3C /* Debug */,
				FEABDEA825357DD700FF3A3C /* Release */,
			);
			defaultConfigurationIsVisible = 0;
			defaultConfigurationName = Release;
		};
		FEABDEA925357DD700FF3A3C /* Build configuration list for PBXNativeTarget "QRcodeIOS" */ = {
			isa = XCConfigurationList;
			buildConfigurations = (
				FEABDEAA25357DD700FF3A3C /* Debug */,
				FEABDEAB25357DD700FF3A3C /* Release */,
			);
			defaultConfigurationIsVisible = 0;
			defaultConfigurationName = Release;
		};
/* End XCConfigurationList section */
	};
	rootObject = FEABDE8D25357DC600FF3A3C /* Project object */;
}
